// !$*UTF8*$!
{
	archiveVersion = 1;
	classes = {
	};
	objectVersion = 48;
	objects = {

/* Begin PBXBuildFile section */
		A20297B2206ACA2B00B440FD /* BinaryTreeTester.cpp in Sources */ = {isa = PBXBuildFile; fileRef = A20297B0206ACA2B00B440FD /* BinaryTreeTester.cpp */; };
		A213CE722024F5220017CAA8 /* FileController.cpp in Sources */ = {isa = PBXBuildFile; fileRef = A213CE702024F5220017CAA8 /* FileController.cpp */; };
		A221FA67202A2D7300C24BF1 /* Timer.cpp in Sources */ = {isa = PBXBuildFile; fileRef = A221FA65202A2D7300C24BF1 /* Timer.cpp */; };
		A221FA6E202A33E000C24BF1 /* ArrayTester.cpp in Sources */ = {isa = PBXBuildFile; fileRef = A221FA6C202A33E000C24BF1 /* ArrayTester.cpp */; };
		A25CC015204DC64200A11D3E /* RecursionTester.cpp in Sources */ = {isa = PBXBuildFile; fileRef = A25CC013204DC64200A11D3E /* RecursionTester.cpp */; };
		A2662A3C201FB158003334C4 /* main.cpp in Sources */ = {isa = PBXBuildFile; fileRef = A2662A3B201FB158003334C4 /* main.cpp */; };
		A2662A46201FB19B003334C4 /* Runner.cpp in Sources */ = {isa = PBXBuildFile; fileRef = A2662A45201FB19B003334C4 /* Runner.cpp */; };
		A2662A49201FB1A6003334C4 /* Controller.cpp in Sources */ = {isa = PBXBuildFile; fileRef = A2662A47201FB1A6003334C4 /* Controller.cpp */; };
		A2923A72203F51C400E9586C /* LinkedListTester.cpp in Sources */ = {isa = PBXBuildFile; fileRef = A2923A70203F51C400E9586C /* LinkedListTester.cpp */; };
		A2AA5A18206574780014E01F /* GraphTester.cpp in Sources */ = {isa = PBXBuildFile; fileRef = A2AA5A16206574780014E01F /* GraphTester.cpp */; };
		A2AA5A24206588300014E01F /* TestingStackAndQueues.cpp in Sources */ = {isa = PBXBuildFile; fileRef = A2AA5A22206588300014E01F /* TestingStackAndQueues.cpp */; };
		A2D51684205AE96C000410A5 /* SortingTester.cpp in Sources */ = {isa = PBXBuildFile; fileRef = A2D51682205AE96C000410A5 /* SortingTester.cpp */; };
/* End PBXBuildFile section */

/* Begin PBXCopyFilesBuildPhase section */
		A2662A36201FB158003334C4 /* CopyFiles */ = {
			isa = PBXCopyFilesBuildPhase;
			buildActionMask = 2147483647;
			dstPath = /usr/share/man/man1/;
			dstSubfolderSpec = 0;
			files = (
			);
			runOnlyForDeploymentPostprocessing = 1;
		};
/* End PBXCopyFilesBuildPhase section */

/* Begin PBXFileReference section */
		A20297AE206AC58700B440FD /* BinaryTreeNode.hpp */ = {isa = PBXFileReference; lastKnownFileType = sourcecode.cpp.h; path = BinaryTreeNode.hpp; sourceTree = "<group>"; };
		A20297B0206ACA2B00B440FD /* BinaryTreeTester.cpp */ = {isa = PBXFileReference; lastKnownFileType = sourcecode.cpp.cpp; path = BinaryTreeTester.cpp; sourceTree = "<group>"; };
		A20297B1206ACA2B00B440FD /* BinaryTreeTester.hpp */ = {isa = PBXFileReference; lastKnownFileType = sourcecode.cpp.h; path = BinaryTreeTester.hpp; sourceTree = "<group>"; };
		A20297B4206AD43000B440FD /* Tree.hpp */ = {isa = PBXFileReference; lastKnownFileType = sourcecode.cpp.h; path = Tree.hpp; sourceTree = "<group>"; };
		A2094565202CDB01002891AF /* Node.hpp */ = {isa = PBXFileReference; lastKnownFileType = sourcecode.cpp.h; path = Node.hpp; sourceTree = "<group>"; };
		A213CE702024F5220017CAA8 /* FileController.cpp */ = {isa = PBXFileReference; lastKnownFileType = sourcecode.cpp.cpp; path = FileController.cpp; sourceTree = "<group>"; };
		A213CE712024F5220017CAA8 /* FileController.hpp */ = {isa = PBXFileReference; lastKnownFileType = sourcecode.cpp.h; path = FileController.hpp; sourceTree = "<group>"; };
		A213CE752024F9F20017CAA8 /* CrimeData.cpp */ = {isa = PBXFileReference; lastKnownFileType = sourcecode.cpp.cpp; name = CrimeData.cpp; path = ../../../../Downloads/CrimeData.cpp; sourceTree = "<group>"; };
		A213CE762024FA0D0017CAA8 /* crime.csv */ = {isa = PBXFileReference; lastKnownFileType = text; name = crime.csv; path = ../../../../Downloads/crime.csv; sourceTree = "<group>"; };
		A221FA65202A2D7300C24BF1 /* Timer.cpp */ = {isa = PBXFileReference; lastKnownFileType = sourcecode.cpp.cpp; path = Timer.cpp; sourceTree = "<group>"; };
		A221FA66202A2D7300C24BF1 /* Timer.hpp */ = {isa = PBXFileReference; lastKnownFileType = sourcecode.cpp.h; path = Timer.hpp; sourceTree = "<group>"; };
		A221FA69202A2D9200C24BF1 /* Array.hpp */ = {isa = PBXFileReference; lastKnownFileType = sourcecode.cpp.h; path = Array.hpp; sourceTree = "<group>"; };
		A221FA6C202A33E000C24BF1 /* ArrayTester.cpp */ = {isa = PBXFileReference; lastKnownFileType = sourcecode.cpp.cpp; path = ArrayTester.cpp; sourceTree = "<group>"; };
		A221FA6D202A33E000C24BF1 /* ArrayTester.hpp */ = {isa = PBXFileReference; lastKnownFileType = sourcecode.cpp.h; path = ArrayTester.hpp; sourceTree = "<group>"; };
		A25CC013204DC64200A11D3E /* RecursionTester.cpp */ = {isa = PBXFileReference; lastKnownFileType = sourcecode.cpp.cpp; path = RecursionTester.cpp; sourceTree = "<group>"; };
		A25CC014204DC64200A11D3E /* RecursionTester.hpp */ = {isa = PBXFileReference; lastKnownFileType = sourcecode.cpp.h; path = RecursionTester.hpp; sourceTree = "<group>"; };
		A2662A38201FB158003334C4 /* DataStructures */ = {isa = PBXFileReference; explicitFileType = "compiled.mach-o.executable"; includeInIndex = 0; path = DataStructures; sourceTree = BUILT_PRODUCTS_DIR; };
		A2662A3B201FB158003334C4 /* main.cpp */ = {isa = PBXFileReference; lastKnownFileType = sourcecode.cpp.cpp; path = main.cpp; sourceTree = "<group>"; };
		A2662A45201FB19B003334C4 /* Runner.cpp */ = {isa = PBXFileReference; lastKnownFileType = sourcecode.cpp.cpp; path = Runner.cpp; sourceTree = "<group>"; };
		A2662A47201FB1A6003334C4 /* Controller.cpp */ = {isa = PBXFileReference; lastKnownFileType = sourcecode.cpp.cpp; path = Controller.cpp; sourceTree = "<group>"; };
		A2662A48201FB1A6003334C4 /* Controller.hpp */ = {isa = PBXFileReference; lastKnownFileType = sourcecode.cpp.h; path = Controller.hpp; sourceTree = "<group>"; };
		A2855726206D61DC00BF5103 /* BinarySearchTree.hpp */ = {isa = PBXFileReference; lastKnownFileType = sourcecode.cpp.h; path = BinarySearchTree.hpp; sourceTree = "<group>"; };
		A2923A70203F51C400E9586C /* LinkedListTester.cpp */ = {isa = PBXFileReference; lastKnownFileType = sourcecode.cpp.cpp; path = LinkedListTester.cpp; sourceTree = "<group>"; };
		A2923A71203F51C400E9586C /* LinkedListTester.hpp */ = {isa = PBXFileReference; lastKnownFileType = sourcecode.cpp.h; path = LinkedListTester.hpp; sourceTree = "<group>"; };
		A2A16CBA208E51090090AD65 /* N_AryTreeNode.hpp */ = {isa = PBXFileReference; lastKnownFileType = sourcecode.cpp.h; path = N_AryTreeNode.hpp; sourceTree = "<group>"; };
		A2AA5A16206574780014E01F /* GraphTester.cpp */ = {isa = PBXFileReference; lastKnownFileType = sourcecode.cpp.cpp; path = GraphTester.cpp; sourceTree = "<group>"; };
		A2AA5A17206574780014E01F /* GraphTester.hpp */ = {isa = PBXFileReference; lastKnownFileType = sourcecode.cpp.h; path = GraphTester.hpp; sourceTree = "<group>"; };
		A2AA5A1A20657F9F0014E01F /* CrimeData.hpp */ = {isa = PBXFileReference; lastKnownFileType = sourcecode.cpp.h; path = CrimeData.hpp; sourceTree = "<group>"; };
		A2AA5A1D206584820014E01F /* Stack.hpp */ = {isa = PBXFileReference; lastKnownFileType = sourcecode.cpp.h; path = Stack.hpp; sourceTree = "<group>"; };
		A2AA5A20206584E20014E01F /* Queue.hpp */ = {isa = PBXFileReference; lastKnownFileType = sourcecode.cpp.h; path = Queue.hpp; sourceTree = "<group>"; };
		A2AA5A22206588300014E01F /* TestingStackAndQueues.cpp */ = {isa = PBXFileReference; lastKnownFileType = sourcecode.cpp.cpp; path = TestingStackAndQueues.cpp; sourceTree = "<group>"; };
		A2AA5A23206588300014E01F /* TestingStackAndQueues.hpp */ = {isa = PBXFileReference; lastKnownFileType = sourcecode.cpp.h; path = TestingStackAndQueues.hpp; sourceTree = "<group>"; };
		A2BB313820866B7A0057C4B3 /* AVLTree.hpp */ = {isa = PBXFileReference; lastKnownFileType = sourcecode.cpp.h; path = AVLTree.hpp; sourceTree = "<group>"; };
		A2BF92BD20360F3C00286D70 /* List.hpp */ = {isa = PBXFileReference; lastKnownFileType = sourcecode.cpp.h; path = List.hpp; sourceTree = "<group>"; };
		A2BF92C020360F5100286D70 /* LinkedList.hpp */ = {isa = PBXFileReference; lastKnownFileType = sourcecode.cpp.h; path = LinkedList.hpp; sourceTree = "<group>"; };
		A2BF92C320360F6900286D70 /* LinearNode.hpp */ = {isa = PBXFileReference; lastKnownFileType = sourcecode.cpp.h; path = LinearNode.hpp; sourceTree = "<group>"; };
		A2C5D1942056FF11008280C1 /* CircularList.hpp */ = {isa = PBXFileReference; lastKnownFileType = sourcecode.cpp.h; path = CircularList.hpp; sourceTree = "<group>"; };
		A2D51682205AE96C000410A5 /* SortingTester.cpp */ = {isa = PBXFileReference; lastKnownFileType = sourcecode.cpp.cpp; path = SortingTester.cpp; sourceTree = "<group>"; };
		A2D51683205AE96C000410A5 /* SortingTester.hpp */ = {isa = PBXFileReference; lastKnownFileType = sourcecode.cpp.h; path = SortingTester.hpp; sourceTree = "<group>"; };
		A2E3BA06204491530098373E /* DoubleNode.hpp */ = {isa = PBXFileReference; lastKnownFileType = sourcecode.cpp.h; path = DoubleNode.hpp; sourceTree = "<group>"; };
		A2F55CBE2060361400E48002 /* Graph.hpp */ = {isa = PBXFileReference; lastKnownFileType = sourcecode.cpp.h; path = Graph.hpp; sourceTree = "<group>"; };
/* End PBXFileReference section */

/* Begin PBXFrameworksBuildPhase section */
		A2662A35201FB158003334C4 /* Frameworks */ = {
			isa = PBXFrameworksBuildPhase;
			buildActionMask = 2147483647;
			files = (
			);
			runOnlyForDeploymentPostprocessing = 0;
		};
/* End PBXFrameworksBuildPhase section */

/* Begin PBXGroup section */
		A2094563202CDAE7002891AF /* Nodes */ = {
			isa = PBXGroup;
			children = (
				A2094565202CDB01002891AF /* Node.hpp */,
				A2BF92C320360F6900286D70 /* LinearNode.hpp */,
				A2E3BA06204491530098373E /* DoubleNode.hpp */,
				A20297AE206AC58700B440FD /* BinaryTreeNode.hpp */,
				A2A16CBA208E51090090AD65 /* N_AryTreeNode.hpp */,
			);
			path = Nodes;
			sourceTree = "<group>";
		};
		A213CE732024F9B50017CAA8 /* Data */ = {
			isa = PBXGroup;
			children = (
				A213CE762024FA0D0017CAA8 /* crime.csv */,
				A213CE752024F9F20017CAA8 /* CrimeData.cpp */,
				A2AA5A1A20657F9F0014E01F /* CrimeData.hpp */,
			);
			path = Data;
			sourceTree = "<group>";
		};
		A221FA62202A2CFB00C24BF1 /* Model */ = {
			isa = PBXGroup;
			children = (
				A2094563202CDAE7002891AF /* Nodes */,
				A221FA63202A2D0800C24BF1 /* Structures */,
			);
			path = Model;
			sourceTree = "<group>";
		};
		A221FA63202A2D0800C24BF1 /* Structures */ = {
			isa = PBXGroup;
			children = (
				A2C5D1942056FF11008280C1 /* CircularList.hpp */,
				A221FA69202A2D9200C24BF1 /* Array.hpp */,
				A2BF92BD20360F3C00286D70 /* List.hpp */,
				A2BF92C020360F5100286D70 /* LinkedList.hpp */,
				A2F55CBE2060361400E48002 /* Graph.hpp */,
				A2AA5A1D206584820014E01F /* Stack.hpp */,
				A2AA5A20206584E20014E01F /* Queue.hpp */,
				A20297B4206AD43000B440FD /* Tree.hpp */,
				A2855726206D61DC00BF5103 /* BinarySearchTree.hpp */,
				A2BB313820866B7A0057C4B3 /* AVLTree.hpp */,
			);
			path = Structures;
			sourceTree = "<group>";
		};
		A221FA64202A2D1900C24BF1 /* Tools */ = {
			isa = PBXGroup;
			children = (
				A221FA65202A2D7300C24BF1 /* Timer.cpp */,
				A221FA66202A2D7300C24BF1 /* Timer.hpp */,
			);
			path = Tools;
			sourceTree = "<group>";
		};
		A221FA6B202A33CA00C24BF1 /* Testers */ = {
			isa = PBXGroup;
			children = (
				A221FA6C202A33E000C24BF1 /* ArrayTester.cpp */,
				A221FA6D202A33E000C24BF1 /* ArrayTester.hpp */,
				A2923A70203F51C400E9586C /* LinkedListTester.cpp */,
				A2923A71203F51C400E9586C /* LinkedListTester.hpp */,
				A25CC013204DC64200A11D3E /* RecursionTester.cpp */,
				A25CC014204DC64200A11D3E /* RecursionTester.hpp */,
				A2D51682205AE96C000410A5 /* SortingTester.cpp */,
				A2D51683205AE96C000410A5 /* SortingTester.hpp */,
				A2AA5A16206574780014E01F /* GraphTester.cpp */,
				A2AA5A17206574780014E01F /* GraphTester.hpp */,
				A2AA5A22206588300014E01F /* TestingStackAndQueues.cpp */,
				A2AA5A23206588300014E01F /* TestingStackAndQueues.hpp */,
				A20297B0206ACA2B00B440FD /* BinaryTreeTester.cpp */,
				A20297B1206ACA2B00B440FD /* BinaryTreeTester.hpp */,
			);
			path = Testers;
			sourceTree = "<group>";
		};
		A2662A2F201FB158003334C4 = {
			isa = PBXGroup;
			children = (
				A2662A3A201FB158003334C4 /* DataStructures */,
				A2662A39201FB158003334C4 /* Products */,
			);
			sourceTree = "<group>";
		};
		A2662A39201FB158003334C4 /* Products */ = {
			isa = PBXGroup;
			children = (
				A2662A38201FB158003334C4 /* DataStructures */,
			);
			name = Products;
			sourceTree = "<group>";
		};
		A2662A3A201FB158003334C4 /* DataStructures */ = {
			isa = PBXGroup;
			children = (
				A221FA6B202A33CA00C24BF1 /* Testers */,
				A2662A44201FB187003334C4 /* Controller */,
				A221FA62202A2CFB00C24BF1 /* Model */,
				A213CE732024F9B50017CAA8 /* Data */,
				A2662A3B201FB158003334C4 /* main.cpp */,
			);
			path = DataStructures;
			sourceTree = "<group>";
		};
		A2662A44201FB187003334C4 /* Controller */ = {
			isa = PBXGroup;
			children = (
				A221FA64202A2D1900C24BF1 /* Tools */,
				A2662A47201FB1A6003334C4 /* Controller.cpp */,
				A2662A48201FB1A6003334C4 /* Controller.hpp */,
				A213CE702024F5220017CAA8 /* FileController.cpp */,
				A213CE712024F5220017CAA8 /* FileController.hpp */,
				A2662A45201FB19B003334C4 /* Runner.cpp */,
			);
			path = Controller;
			sourceTree = "<group>";
		};
/* End PBXGroup section */

/* Begin PBXNativeTarget section */
		A2662A37201FB158003334C4 /* DataStructures */ = {
			isa = PBXNativeTarget;
			buildConfigurationList = A2662A3F201FB158003334C4 /* Build configuration list for PBXNativeTarget "DataStructures" */;
			buildPhases = (
				A2662A34201FB158003334C4 /* Sources */,
				A2662A35201FB158003334C4 /* Frameworks */,
				A2662A36201FB158003334C4 /* CopyFiles */,
			);
			buildRules = (
			);
			dependencies = (
			);
			name = DataStructures;
			productName = "STL-Vector";
			productReference = A2662A38201FB158003334C4 /* DataStructures */;
			productType = "com.apple.product-type.tool";
		};
/* End PBXNativeTarget section */

/* Begin PBXProject section */
		A2662A30201FB158003334C4 /* Project object */ = {
			isa = PBXProject;
			attributes = {
				LastUpgradeCheck = 0900;
				ORGANIZATIONNAME = "Berrett, Calvin";
				TargetAttributes = {
					A2662A37201FB158003334C4 = {
						CreatedOnToolsVersion = 9.0;
						ProvisioningStyle = Automatic;
					};
				};
			};
			buildConfigurationList = A2662A33201FB158003334C4 /* Build configuration list for PBXProject "DataStructures" */;
			compatibilityVersion = "Xcode 8.0";
			developmentRegion = en;
			hasScannedForEncodings = 0;
			knownRegions = (
				en,
			);
			mainGroup = A2662A2F201FB158003334C4;
			productRefGroup = A2662A39201FB158003334C4 /* Products */;
			projectDirPath = "";
			projectRoot = "";
			targets = (
				A2662A37201FB158003334C4 /* DataStructures */,
			);
		};
/* End PBXProject section */

/* Begin PBXSourcesBuildPhase section */
		A2662A34201FB158003334C4 /* Sources */ = {
			isa = PBXSourcesBuildPhase;
			buildActionMask = 2147483647;
			files = (
				A2662A3C201FB158003334C4 /* main.cpp in Sources */,
				A2662A49201FB1A6003334C4 /* Controller.cpp in Sources */,
				A20297B2206ACA2B00B440FD /* BinaryTreeTester.cpp in Sources */,
				A2662A46201FB19B003334C4 /* Runner.cpp in Sources */,
				A2AA5A18206574780014E01F /* GraphTester.cpp in Sources */,
				A2D51684205AE96C000410A5 /* SortingTester.cpp in Sources */,
				A2AA5A24206588300014E01F /* TestingStackAndQueues.cpp in Sources */,
				A221FA67202A2D7300C24BF1 /* Timer.cpp in Sources */,
				A2923A72203F51C400E9586C /* LinkedListTester.cpp in Sources */,
				A25CC015204DC64200A11D3E /* RecursionTester.cpp in Sources */,
				A221FA6E202A33E000C24BF1 /* ArrayTester.cpp in Sources */,
				A213CE722024F5220017CAA8 /* FileController.cpp in Sources */,
			);
			runOnlyForDeploymentPostprocessing = 0;
		};
/* End PBXSourcesBuildPhase section */

/* Begin XCBuildConfiguration section */
		A2662A3D201FB158003334C4 /* Debug */ = {
			isa = XCBuildConfiguration;
			buildSettings = {
				ALWAYS_SEARCH_USER_PATHS = NO;
				CLANG_ANALYZER_NONNULL = YES;
				CLANG_ANALYZER_NUMBER_OBJECT_CONVERSION = YES_AGGRESSIVE;
				CLANG_CXX_LANGUAGE_STANDARD = "gnu++14";
				CLANG_CXX_LIBRARY = "libc++";
				CLANG_ENABLE_MODULES = YES;
				CLANG_ENABLE_OBJC_ARC = YES;
				CLANG_WARN_BLOCK_CAPTURE_AUTORELEASING = YES;
				CLANG_WARN_BOOL_CONVERSION = YES;
				CLANG_WARN_COMMA = YES;
				CLANG_WARN_CONSTANT_CONVERSION = YES;
				CLANG_WARN_DIRECT_OBJC_ISA_USAGE = YES_ERROR;
				CLANG_WARN_DOCUMENTATION_COMMENTS = YES;
				CLANG_WARN_EMPTY_BODY = YES;
				CLANG_WARN_ENUM_CONVERSION = YES;
				CLANG_WARN_INFINITE_RECURSION = YES;
				CLANG_WARN_INT_CONVERSION = YES;
				CLANG_WARN_NON_LITERAL_NULL_CONVERSION = YES;
				CLANG_WARN_OBJC_LITERAL_CONVERSION = YES;
				CLANG_WARN_OBJC_ROOT_CLASS = YES_ERROR;
				CLANG_WARN_RANGE_LOOP_ANALYSIS = YES;
				CLANG_WARN_STRICT_PROTOTYPES = YES;
				CLANG_WARN_SUSPICIOUS_MOVE = YES;
				CLANG_WARN_UNGUARDED_AVAILABILITY = YES_AGGRESSIVE;
				CLANG_WARN_UNREACHABLE_CODE = YES;
				CLANG_WARN__DUPLICATE_METHOD_MATCH = YES;
				CODE_SIGN_IDENTITY = "-";
				COPY_PHASE_STRIP = NO;
				DEBUG_INFORMATION_FORMAT = dwarf;
				ENABLE_STRICT_OBJC_MSGSEND = YES;
				ENABLE_TESTABILITY = YES;
				GCC_C_LANGUAGE_STANDARD = gnu11;
				GCC_DYNAMIC_NO_PIC = NO;
				GCC_NO_COMMON_BLOCKS = YES;
				GCC_OPTIMIZATION_LEVEL = 0;
				GCC_PREPROCESSOR_DEFINITIONS = (
					"DEBUG=1",
					"$(inherited)",
				);
				GCC_WARN_64_TO_32_BIT_CONVERSION = YES;
				GCC_WARN_ABOUT_RETURN_TYPE = YES_ERROR;
				GCC_WARN_UNDECLARED_SELECTOR = YES;
				GCC_WARN_UNINITIALIZED_AUTOS = YES_AGGRESSIVE;
				GCC_WARN_UNUSED_FUNCTION = YES;
				GCC_WARN_UNUSED_VARIABLE = YES;
				MACOSX_DEPLOYMENT_TARGET = 10.12;
				MTL_ENABLE_DEBUG_INFO = YES;
				ONLY_ACTIVE_ARCH = YES;
				SDKROOT = macosx;
			};
			name = Debug;
		};
		A2662A3E201FB158003334C4 /* Release */ = {
			isa = XCBuildConfiguration;
			buildSettings = {
				ALWAYS_SEARCH_USER_PATHS = NO;
				CLANG_ANALYZER_NONNULL = YES;
				CLANG_ANALYZER_NUMBER_OBJECT_CONVERSION = YES_AGGRESSIVE;
				CLANG_CXX_LANGUAGE_STANDARD = "gnu++14";
				CLANG_CXX_LIBRARY = "libc++";
				CLANG_ENABLE_MODULES = YES;
				CLANG_ENABLE_OBJC_ARC = YES;
				CLANG_WARN_BLOCK_CAPTURE_AUTORELEASING = YES;
				CLANG_WARN_BOOL_CONVERSION = YES;
				CLANG_WARN_COMMA = YES;
				CLANG_WARN_CONSTANT_CONVERSION = YES;
				CLANG_WARN_DIRECT_OBJC_ISA_USAGE = YES_ERROR;
				CLANG_WARN_DOCUMENTATION_COMMENTS = YES;
				CLANG_WARN_EMPTY_BODY = YES;
				CLANG_WARN_ENUM_CONVERSION = YES;
				CLANG_WARN_INFINITE_RECURSION = YES;
				CLANG_WARN_INT_CONVERSION = YES;
				CLANG_WARN_NON_LITERAL_NULL_CONVERSION = YES;
				CLANG_WARN_OBJC_LITERAL_CONVERSION = YES;
				CLANG_WARN_OBJC_ROOT_CLASS = YES_ERROR;
				CLANG_WARN_RANGE_LOOP_ANALYSIS = YES;
				CLANG_WARN_STRICT_PROTOTYPES = YES;
				CLANG_WARN_SUSPICIOUS_MOVE = YES;
				CLANG_WARN_UNGUARDED_AVAILABILITY = YES_AGGRESSIVE;
				CLANG_WARN_UNREACHABLE_CODE = YES;
				CLANG_WARN__DUPLICATE_METHOD_MATCH = YES;
				CODE_SIGN_IDENTITY = "-";
				COPY_PHASE_STRIP = NO;
				DEBUG_INFORMATION_FORMAT = "dwarf-with-dsym";
				ENABLE_NS_ASSERTIONS = NO;
				ENABLE_STRICT_OBJC_MSGSEND = YES;
				GCC_C_LANGUAGE_STANDARD = gnu11;
				GCC_NO_COMMON_BLOCKS = YES;
				GCC_WARN_64_TO_32_BIT_CONVERSION = YES;
				GCC_WARN_ABOUT_RETURN_TYPE = YES_ERROR;
				GCC_WARN_UNDECLARED_SELECTOR = YES;
				GCC_WARN_UNINITIALIZED_AUTOS = YES_AGGRESSIVE;
				GCC_WARN_UNUSED_FUNCTION = YES;
				GCC_WARN_UNUSED_VARIABLE = YES;
				MACOSX_DEPLOYMENT_TARGET = 10.12;
				MTL_ENABLE_DEBUG_INFO = NO;
				SDKROOT = macosx;
			};
			name = Release;
		};
		A2662A40201FB158003334C4 /* Debug */ = {
			isa = XCBuildConfiguration;
			buildSettings = {
				CODE_SIGN_STYLE = Automatic;
				PRODUCT_NAME = "$(TARGET_NAME)";
			};
			name = Debug;
		};
		A2662A41201FB158003334C4 /* Release */ = {
			isa = XCBuildConfiguration;
			buildSettings = {
				CODE_SIGN_STYLE = Automatic;
				PRODUCT_NAME = "$(TARGET_NAME)";
			};
			name = Release;
		};
/* End XCBuildConfiguration section */

/* Begin XCConfigurationList section */
		A2662A33201FB158003334C4 /* Build configuration list for PBXProject "DataStructures" */ = {
			isa = XCConfigurationList;
			buildConfigurations = (
				A2662A3D201FB158003334C4 /* Debug */,
				A2662A3E201FB158003334C4 /* Release */,
			);
			defaultConfigurationIsVisible = 0;
			defaultConfigurationName = Release;
		};
		A2662A3F201FB158003334C4 /* Build configuration list for PBXNativeTarget "DataStructures" */ = {
			isa = XCConfigurationList;
			buildConfigurations = (
				A2662A40201FB158003334C4 /* Debug */,
				A2662A41201FB158003334C4 /* Release */,
			);
			defaultConfigurationIsVisible = 0;
			defaultConfigurationName = Release;
		};
/* End XCConfigurationList section */
	};
	rootObject = A2662A30201FB158003334C4 /* Project object */;
}
